{
  "version": 2,
  "dependencies": {
    "net10.0-windows7.0": {
      "flashnext.core": {
        "type": "Project"
      },
      "flashnext.infrastructure.windows": {
        "type": "Project",
        "dependencies": {
          "FlashNext.Core": "[1.0.5, )",
          "System.Management": "[10.0.1, )"
        }
      },
      "System.Management": {
        "type": "CentralTransitive",
        "requested": "[10.0.1, )",
        "resolved": "10.0.1",
        "contentHash": "/mywt9LtfYM+QbnIPPqdES/qWWU3tkorSDHPX99KYhCTtxdjGFmLcz7QwpAAeBKU0o+rZzEcpKZlrtEr1Xq39g=="
      }
    },
    "net10.0-windows7.0/win-x64": {
      "System.Management": {
        "type": "CentralTransitive",
        "requested": "[10.0.1, )",
        "resolved": "10.0.1",
        "contentHash": "/mywt9LtfYM+QbnIPPqdES/qWWU3tkorSDHPX99KYhCTtxdjGFmLcz7QwpAAeBKU0o+rZzEcpKZlrtEr1Xq39g=="
      }
    }
  }
}